
Microsoft Visual Studio Solution File, Format Version 12.00
# Visual Studio Version 17
VisualStudioVersion = 17.14.36310.24 d17.14
MinimumVisualStudioVersion = 10.0.40219.1
Project("{FAE04EC0-301F-11D3-BF4B-00C04F79EFBC}") = "ConsoleApp1", "ConsoleApp1\ConsoleApp1.csproj", "{C657AEF0-822D-4C41-82A3-E89263D59B0E}"
EndProject
Global
	GlobalSection(SolutionConfigurationPlatforms) = preSolution
		Debug|Any CPU = Debug|Any CPU
		Release|Any CPU = Release|Any CPU
	EndGlobalSection
	GlobalSection(ProjectConfigurationPlatforms) = postSolution
		{C657AEF0-822D-4C41-82A3-E89263D59B0E}.Debug|Any CPU.ActiveCfg = Debug|Any CPU
		{C657AEF0-822D-4C41-82A3-E89263D59B0E}.Debug|Any CPU.Build.0 = Debug|Any CPU
		{C657AEF0-822D-4C41-82A3-E89263D59B0E}.Release|Any CPU.ActiveCfg = Release|Any CPU
		{C657AEF0-822D-4C41-82A3-E89263D59B0E}.Release|Any CPU.Build.0 = Release|Any CPU
	EndGlobalSection
	GlobalSection(SolutionProperties) = preSolution
		HideSolutionNode = FALSE
	EndGlobalSection
	GlobalSection(ExtensibilityGlobals) = postSolution
		SolutionGuid = {EB2AA1B9-9FA9-4468-A415-D6F4738734EF}
	EndGlobalSection
EndGlobal
